
Microsoft Visual Studio Solution File, Format Version 12.00
# Visual Studio Version 17
VisualStudioVersion = 17.14.36804.6
MinimumVisualStudioVersion = 10.0.40219.1
Project("{FAE04EC0-301F-11D3-BF4B-00C04F79EFBC}") = "Pizza", "Pizza\Pizza.csproj", "{439029FA-2F73-4773-831E-DADBBFD410CF}"
EndProject
Project("{FAE04EC0-301F-11D3-BF4B-00C04F79EFBC}") = "PizzaModel", "PizzaModel\PizzaModel.csproj", "{EC93AEF3-78D7-44DD-A2D5-66F67D1E7B78}"
EndProject
Project("{FAE04EC0-301F-11D3-BF4B-00C04F79EFBC}") = "PizzaWinForms", "PizzaWinForms\PizzaWinForms.csproj", "{BBB28B25-8033-4672-A39A-76BCA85BA9A9}"
EndProject
Project("{FAE04EC0-301F-11D3-BF4B-00C04F79EFBC}") = "DataAccessLayer", "DataAccessLayer\DataAccessLayer.csproj", "{70FB26C9-F8D5-4AA6-A6B8-F1F8798BABFE}"
EndProject
Global
	GlobalSection(SolutionConfigurationPlatforms) = preSolution
		Debug|Any CPU = Debug|Any CPU
		Release|Any CPU = Release|Any CPU
	EndGlobalSection
	GlobalSection(ProjectConfigurationPlatforms) = postSolution
		{439029FA-2F73-4773-831E-DADBBFD410CF}.Debug|Any CPU.ActiveCfg = Debug|Any CPU
		{439029FA-2F73-4773-831E-DADBBFD410CF}.Debug|Any CPU.Build.0 = Debug|Any CPU
		{439029FA-2F73-4773-831E-DADBBFD410CF}.Release|Any CPU.ActiveCfg = Release|Any CPU
		{439029FA-2F73-4773-831E-DADBBFD410CF}.Release|Any CPU.Build.0 = Release|Any CPU
		{EC93AEF3-78D7-44DD-A2D5-66F67D1E7B78}.Debug|Any CPU.ActiveCfg = Debug|Any CPU
		{EC93AEF3-78D7-44DD-A2D5-66F67D1E7B78}.Debug|Any CPU.Build.0 = Debug|Any CPU
		{EC93AEF3-78D7-44DD-A2D5-66F67D1E7B78}.Release|Any CPU.ActiveCfg = Release|Any CPU
		{EC93AEF3-78D7-44DD-A2D5-66F67D1E7B78}.Release|Any CPU.Build.0 = Release|Any CPU
		{BBB28B25-8033-4672-A39A-76BCA85BA9A9}.Debug|Any CPU.ActiveCfg = Debug|Any CPU
		{BBB28B25-8033-4672-A39A-76BCA85BA9A9}.Debug|Any CPU.Build.0 = Debug|Any CPU
		{BBB28B25-8033-4672-A39A-76BCA85BA9A9}.Release|Any CPU.ActiveCfg = Release|Any CPU
		{BBB28B25-8033-4672-A39A-76BCA85BA9A9}.Release|Any CPU.Build.0 = Release|Any CPU
		{70FB26C9-F8D5-4AA6-A6B8-F1F8798BABFE}.Debug|Any CPU.ActiveCfg = Debug|Any CPU
		{70FB26C9-F8D5-4AA6-A6B8-F1F8798BABFE}.Debug|Any CPU.Build.0 = Debug|Any CPU
		{70FB26C9-F8D5-4AA6-A6B8-F1F8798BABFE}.Release|Any CPU.ActiveCfg = Release|Any CPU
		{70FB26C9-F8D5-4AA6-A6B8-F1F8798BABFE}.Release|Any CPU.Build.0 = Release|Any CPU
	EndGlobalSection
	GlobalSection(SolutionProperties) = preSolution
		HideSolutionNode = FALSE
	EndGlobalSection
	GlobalSection(ExtensibilityGlobals) = postSolution
		SolutionGuid = {5778CB16-FFD2-48E7-AB81-96F0CED4308B}
	EndGlobalSection
EndGlobal
